Microsoft Visual Studio Solution File, Format Version 12.00
# Visual Studio Version 17
VisualStudioVersion = 17.5.2.0
MinimumVisualStudioVersion = 10.0.40219.1
Project("{FAE04EC0-301F-11D3-BF4B-00C04F79EFBC}") = "mcpserver", "mcpserver\mcpserver.csproj", "{07B2087C-FFA7-E8A9-D65C-6C19AFADC22A}"
EndProject
Global
	GlobalSection(SolutionConfigurationPlatforms) = preSolution
		Debug|Any CPU = Debug|Any CPU
		Release|Any CPU = Release|Any CPU
	EndGlobalSection
	GlobalSection(ProjectConfigurationPlatforms) = postSolution
		{07B2087C-FFA7-E8A9-D65C-6C19AFADC22A}.Debug|Any CPU.ActiveCfg = Debug|Any CPU
		{07B2087C-FFA7-E8A9-D65C-6C19AFADC22A}.Debug|Any CPU.Build.0 = Debug|Any CPU
		{07B2087C-FFA7-E8A9-D65C-6C19AFADC22A}.Release|Any CPU.ActiveCfg = Release|Any CPU
		{07B2087C-FFA7-E8A9-D65C-6C19AFADC22A}.Release|Any CPU.Build.0 = Release|Any CPU
	EndGlobalSection
	GlobalSection(SolutionProperties) = preSolution
		HideSolutionNode = FALSE
	EndGlobalSection
	GlobalSection(NestedProjects) = preSolution
		{07B2087C-FFA7-E8A9-D65C-6C19AFADC22A} = {472F0293-C0A7-074E-1FFC-E614DA5FADA1}
	EndGlobalSection
	GlobalSection(ExtensibilityGlobals) = postSolution
		SolutionGuid = {3AFBA717-F0EE-454C-A7B3-8445D3619D06}
	EndGlobalSection
EndGlobal
